
Microsoft Visual Studio Solution File, Format Version 12.00
# Visual Studio Version 16
VisualStudioVersion = 16.0.31727.386
MinimumVisualStudioVersion = 10.0.40219.1
Project("{FAE04EC0-301F-11D3-BF4B-00C04F79EFBC}") = "FirstP201", "FirstP201\FirstP201.csproj", "{2B5C3DD7-B697-47CB-9D58-97482AA8C32B}"
EndProject
Global
	GlobalSection(SolutionConfigurationPlatforms) = preSolution
		Debug|Any CPU = Debug|Any CPU
		Release|Any CPU = Release|Any CPU
	EndGlobalSection
	GlobalSection(ProjectConfigurationPlatforms) = postSolution
		{2B5C3DD7-B697-47CB-9D58-97482AA8C32B}.Debug|Any CPU.ActiveCfg = Debug|Any CPU
		{2B5C3DD7-B697-47CB-9D58-97482AA8C32B}.Debug|Any CPU.Build.0 = Debug|Any CPU
		{2B5C3DD7-B697-47CB-9D58-97482AA8C32B}.Release|Any CPU.ActiveCfg = Release|Any CPU
		{2B5C3DD7-B697-47CB-9D58-97482AA8C32B}.Release|Any CPU.Build.0 = Release|Any CPU
	EndGlobalSection
	GlobalSection(SolutionProperties) = preSolution
		HideSolutionNode = FALSE
	EndGlobalSection
	GlobalSection(ExtensibilityGlobals) = postSolution
		SolutionGuid = {290D65E9-AA65-4289-BC4A-A24E1F0CD8C0}
	EndGlobalSection
EndGlobal
